{
  "name": "reason-native-project",
  "version": "0.0.1",
  "lockfileVersion": 1,
  "requires": true,
  "dependencies": {
    "reason-websocket": {
      "version": "github:jaredly/reason-websocket#a861eab19993c767db93857e114a55aba6ce5487",
      "from": "github:jaredly/reason-websocket"
    }
  }
}
